
Microsoft Visual Studio Solution File, Format Version 12.00
# Visual Studio 15
VisualStudioVersion = 15.0.27130.2010
MinimumVisualStudioVersion = 10.0.40219.1
Project("{FAE04EC0-301F-11D3-BF4B-00C04F79EFBC}") = "HSPE", "HSPE\HSPE.csproj", "{B6448057-F9C2-4E9C-8E18-09C556CFCB46}"
EndProject
Project("{FAE04EC0-301F-11D3-BF4B-00C04F79EFBC}") = "HSUS", "HSUS\HSUS.csproj", "{46B9049D-9A1A-47FA-9E8D-7F8C07A374D6}"
EndProject
Project("{FAE04EC0-301F-11D3-BF4B-00C04F79EFBC}") = "UIUtility", "UIUtility\UIUtility.csproj", "{5FF39402-D216-42DE-9AAA-BA34103F1786}"
EndProject
Project("{FAE04EC0-301F-11D3-BF4B-00C04F79EFBC}") = "MoreAccessories", "MoreAccessories\MoreAccessories.csproj", "{3F36532D-F399-4E6C-95D0-4AC7B8C2CA23}"
EndProject
Project("{FAE04EC0-301F-11D3-BF4B-00C04F79EFBC}") = "CharExtSave", "CharExtSave\CharExtSave.csproj", "{27695E5F-8D1E-41DC-A81C-1F0C1814627C}"
EndProject
Global
	GlobalSection(SolutionConfigurationPlatforms) = preSolution
		Debug|Any CPU = Debug|Any CPU
		Release|Any CPU = Release|Any CPU
	EndGlobalSection
	GlobalSection(ProjectConfigurationPlatforms) = postSolution
		{B6448057-F9C2-4E9C-8E18-09C556CFCB46}.Debug|Any CPU.ActiveCfg = Debug|Any CPU
		{B6448057-F9C2-4E9C-8E18-09C556CFCB46}.Debug|Any CPU.Build.0 = Debug|Any CPU
		{B6448057-F9C2-4E9C-8E18-09C556CFCB46}.Release|Any CPU.ActiveCfg = Release|Any CPU
		{B6448057-F9C2-4E9C-8E18-09C556CFCB46}.Release|Any CPU.Build.0 = Release|Any CPU
		{46B9049D-9A1A-47FA-9E8D-7F8C07A374D6}.Debug|Any CPU.ActiveCfg = Debug|Any CPU
		{46B9049D-9A1A-47FA-9E8D-7F8C07A374D6}.Debug|Any CPU.Build.0 = Debug|Any CPU
		{46B9049D-9A1A-47FA-9E8D-7F8C07A374D6}.Release|Any CPU.ActiveCfg = Release|Any CPU
		{46B9049D-9A1A-47FA-9E8D-7F8C07A374D6}.Release|Any CPU.Build.0 = Release|Any CPU
		{5FF39402-D216-42DE-9AAA-BA34103F1786}.Debug|Any CPU.ActiveCfg = Debug|Any CPU
		{5FF39402-D216-42DE-9AAA-BA34103F1786}.Debug|Any CPU.Build.0 = Debug|Any CPU
		{5FF39402-D216-42DE-9AAA-BA34103F1786}.Release|Any CPU.ActiveCfg = Release|Any CPU
		{5FF39402-D216-42DE-9AAA-BA34103F1786}.Release|Any CPU.Build.0 = Release|Any CPU
		{3F36532D-F399-4E6C-95D0-4AC7B8C2CA23}.Debug|Any CPU.ActiveCfg = Debug|Any CPU
		{3F36532D-F399-4E6C-95D0-4AC7B8C2CA23}.Debug|Any CPU.Build.0 = Debug|Any CPU
		{3F36532D-F399-4E6C-95D0-4AC7B8C2CA23}.Release|Any CPU.ActiveCfg = Release|Any CPU
		{3F36532D-F399-4E6C-95D0-4AC7B8C2CA23}.Release|Any CPU.Build.0 = Release|Any CPU
		{27695E5F-8D1E-41DC-A81C-1F0C1814627C}.Debug|Any CPU.ActiveCfg = Debug|Any CPU
		{27695E5F-8D1E-41DC-A81C-1F0C1814627C}.Debug|Any CPU.Build.0 = Debug|Any CPU
		{27695E5F-8D1E-41DC-A81C-1F0C1814627C}.Release|Any CPU.ActiveCfg = Release|Any CPU
		{27695E5F-8D1E-41DC-A81C-1F0C1814627C}.Release|Any CPU.Build.0 = Release|Any CPU
	EndGlobalSection
	GlobalSection(SolutionProperties) = preSolution
		HideSolutionNode = FALSE
	EndGlobalSection
	GlobalSection(ExtensibilityGlobals) = postSolution
		SolutionGuid = {A138173C-ADED-4DEF-AE9B-B4B1F5CF0298}
	EndGlobalSection
EndGlobal
